
Microsoft Visual Studio Solution File, Format Version 12.00
# Visual Studio 2013
VisualStudioVersion = 12.0.40418.0
MinimumVisualStudioVersion = 10.0.40219.1
Project("{FAE04EC0-301F-11D3-BF4B-00C04F79EFBC}") = "FacadePatternLab", "FacadePatternLab\FacadePatternLab.csproj", "{45894E04-ED28-42FE-A600-620DD973FF7D}"
EndProject
Global
	GlobalSection(SolutionConfigurationPlatforms) = preSolution
		Debug|Any CPU = Debug|Any CPU
		Release|Any CPU = Release|Any CPU
	EndGlobalSection
	GlobalSection(ProjectConfigurationPlatforms) = postSolution
		{45894E04-ED28-42FE-A600-620DD973FF7D}.Debug|Any CPU.ActiveCfg = Debug|Any CPU
		{45894E04-ED28-42FE-A600-620DD973FF7D}.Debug|Any CPU.Build.0 = Debug|Any CPU
		{45894E04-ED28-42FE-A600-620DD973FF7D}.Release|Any CPU.ActiveCfg = Release|Any CPU
		{45894E04-ED28-42FE-A600-620DD973FF7D}.Release|Any CPU.Build.0 = Release|Any CPU
	EndGlobalSection
	GlobalSection(SolutionProperties) = preSolution
		HideSolutionNode = FALSE
	EndGlobalSection
EndGlobal
